
Microsoft Visual Studio Solution File, Format Version 12.00
# Visual Studio Version 17
VisualStudioVersion = 17.2.32630.192
MinimumVisualStudioVersion = 10.0.40219.1
Project("{9A19103F-16F7-4668-BE54-9A1E7A4F7556}") = "ConsoleApp1", "ConsoleApp1\ConsoleApp1.csproj", "{7E4BDEBD-9151-44B7-8D7C-810427775F6C}"
EndProject
Project("{9A19103F-16F7-4668-BE54-9A1E7A4F7556}") = "DSC_Library", "DSC_Library\DSC_Library.csproj", "{56164C22-4FD0-4B97-9F4D-3B31DEA5D0D1}"
EndProject
Project("{FAE04EC0-301F-11D3-BF4B-00C04F79EFBC}") = "DakManagementSystemUI", "DakManagementSystemUI\DakManagementSystemUI.csproj", "{935BBB41-0E1E-47DE-83FD-EB39675BD06A}"
EndProject
Global
	GlobalSection(SolutionConfigurationPlatforms) = preSolution
		Debug|Any CPU = Debug|Any CPU
		Debug|arm64 = Debug|arm64
		Debug|x64 = Debug|x64
		Debug|x86 = Debug|x86
		Release|Any CPU = Release|Any CPU
		Release|arm64 = Release|arm64
		Release|x64 = Release|x64
		Release|x86 = Release|x86
	EndGlobalSection
	GlobalSection(ProjectConfigurationPlatforms) = postSolution
		{7E4BDEBD-9151-44B7-8D7C-810427775F6C}.Debug|Any CPU.ActiveCfg = Debug|Any CPU
		{7E4BDEBD-9151-44B7-8D7C-810427775F6C}.Debug|Any CPU.Build.0 = Debug|Any CPU
		{7E4BDEBD-9151-44B7-8D7C-810427775F6C}.Debug|arm64.ActiveCfg = Debug|Any CPU
		{7E4BDEBD-9151-44B7-8D7C-810427775F6C}.Debug|arm64.Build.0 = Debug|Any CPU
		{7E4BDEBD-9151-44B7-8D7C-810427775F6C}.Debug|x64.ActiveCfg = Debug|Any CPU
		{7E4BDEBD-9151-44B7-8D7C-810427775F6C}.Debug|x64.Build.0 = Debug|Any CPU
		{7E4BDEBD-9151-44B7-8D7C-810427775F6C}.Debug|x86.ActiveCfg = Debug|Any CPU
		{7E4BDEBD-9151-44B7-8D7C-810427775F6C}.Debug|x86.Build.0 = Debug|Any CPU
		{7E4BDEBD-9151-44B7-8D7C-810427775F6C}.Release|Any CPU.ActiveCfg = Release|Any CPU
		{7E4BDEBD-9151-44B7-8D7C-810427775F6C}.Release|Any CPU.Build.0 = Release|Any CPU
		{7E4BDEBD-9151-44B7-8D7C-810427775F6C}.Release|arm64.ActiveCfg = Release|Any CPU
		{7E4BDEBD-9151-44B7-8D7C-810427775F6C}.Release|arm64.Build.0 = Release|Any CPU
		{7E4BDEBD-9151-44B7-8D7C-810427775F6C}.Release|x64.ActiveCfg = Release|Any CPU
		{7E4BDEBD-9151-44B7-8D7C-810427775F6C}.Release|x64.Build.0 = Release|Any CPU
		{7E4BDEBD-9151-44B7-8D7C-810427775F6C}.Release|x86.ActiveCfg = Release|Any CPU
		{7E4BDEBD-9151-44B7-8D7C-810427775F6C}.Release|x86.Build.0 = Release|Any CPU
		{56164C22-4FD0-4B97-9F4D-3B31DEA5D0D1}.Debug|Any CPU.ActiveCfg = Debug|Any CPU
		{56164C22-4FD0-4B97-9F4D-3B31DEA5D0D1}.Debug|Any CPU.Build.0 = Debug|Any CPU
		{56164C22-4FD0-4B97-9F4D-3B31DEA5D0D1}.Debug|arm64.ActiveCfg = Debug|Any CPU
		{56164C22-4FD0-4B97-9F4D-3B31DEA5D0D1}.Debug|arm64.Build.0 = Debug|Any CPU
		{56164C22-4FD0-4B97-9F4D-3B31DEA5D0D1}.Debug|x64.ActiveCfg = Debug|Any CPU
		{56164C22-4FD0-4B97-9F4D-3B31DEA5D0D1}.Debug|x64.Build.0 = Debug|Any CPU
		{56164C22-4FD0-4B97-9F4D-3B31DEA5D0D1}.Debug|x86.ActiveCfg = Debug|Any CPU
		{56164C22-4FD0-4B97-9F4D-3B31DEA5D0D1}.Debug|x86.Build.0 = Debug|Any CPU
		{56164C22-4FD0-4B97-9F4D-3B31DEA5D0D1}.Release|Any CPU.ActiveCfg = Release|Any CPU
		{56164C22-4FD0-4B97-9F4D-3B31DEA5D0D1}.Release|Any CPU.Build.0 = Release|Any CPU
		{56164C22-4FD0-4B97-9F4D-3B31DEA5D0D1}.Release|arm64.ActiveCfg = Release|Any CPU
		{56164C22-4FD0-4B97-9F4D-3B31DEA5D0D1}.Release|arm64.Build.0 = Release|Any CPU
		{56164C22-4FD0-4B97-9F4D-3B31DEA5D0D1}.Release|x64.ActiveCfg = Release|Any CPU
		{56164C22-4FD0-4B97-9F4D-3B31DEA5D0D1}.Release|x64.Build.0 = Release|Any CPU
		{56164C22-4FD0-4B97-9F4D-3B31DEA5D0D1}.Release|x86.ActiveCfg = Release|Any CPU
		{56164C22-4FD0-4B97-9F4D-3B31DEA5D0D1}.Release|x86.Build.0 = Release|Any CPU
		{935BBB41-0E1E-47DE-83FD-EB39675BD06A}.Debug|Any CPU.ActiveCfg = Debug|x64
		{935BBB41-0E1E-47DE-83FD-EB39675BD06A}.Debug|Any CPU.Build.0 = Debug|x64
		{935BBB41-0E1E-47DE-83FD-EB39675BD06A}.Debug|Any CPU.Deploy.0 = Debug|x64
		{935BBB41-0E1E-47DE-83FD-EB39675BD06A}.Debug|arm64.ActiveCfg = Debug|arm64
		{935BBB41-0E1E-47DE-83FD-EB39675BD06A}.Debug|arm64.Build.0 = Debug|arm64
		{935BBB41-0E1E-47DE-83FD-EB39675BD06A}.Debug|arm64.Deploy.0 = Debug|arm64
		{935BBB41-0E1E-47DE-83FD-EB39675BD06A}.Debug|x64.ActiveCfg = Debug|x64
		{935BBB41-0E1E-47DE-83FD-EB39675BD06A}.Debug|x64.Build.0 = Debug|x64
		{935BBB41-0E1E-47DE-83FD-EB39675BD06A}.Debug|x64.Deploy.0 = Debug|x64
		{935BBB41-0E1E-47DE-83FD-EB39675BD06A}.Debug|x86.ActiveCfg = Debug|x86
		{935BBB41-0E1E-47DE-83FD-EB39675BD06A}.Debug|x86.Build.0 = Debug|x86
		{935BBB41-0E1E-47DE-83FD-EB39675BD06A}.Debug|x86.Deploy.0 = Debug|x86
		{935BBB41-0E1E-47DE-83FD-EB39675BD06A}.Release|Any CPU.ActiveCfg = Release|x64
		{935BBB41-0E1E-47DE-83FD-EB39675BD06A}.Release|Any CPU.Build.0 = Release|x64
		{935BBB41-0E1E-47DE-83FD-EB39675BD06A}.Release|Any CPU.Deploy.0 = Release|x64
		{935BBB41-0E1E-47DE-83FD-EB39675BD06A}.Release|arm64.ActiveCfg = Release|arm64
		{935BBB41-0E1E-47DE-83FD-EB39675BD06A}.Release|arm64.Build.0 = Release|arm64
		{935BBB41-0E1E-47DE-83FD-EB39675BD06A}.Release|arm64.Deploy.0 = Release|arm64
		{935BBB41-0E1E-47DE-83FD-EB39675BD06A}.Release|x64.ActiveCfg = Release|x64
		{935BBB41-0E1E-47DE-83FD-EB39675BD06A}.Release|x64.Build.0 = Release|x64
		{935BBB41-0E1E-47DE-83FD-EB39675BD06A}.Release|x64.Deploy.0 = Release|x64
		{935BBB41-0E1E-47DE-83FD-EB39675BD06A}.Release|x86.ActiveCfg = Release|x86
		{935BBB41-0E1E-47DE-83FD-EB39675BD06A}.Release|x86.Build.0 = Release|x86
		{935BBB41-0E1E-47DE-83FD-EB39675BD06A}.Release|x86.Deploy.0 = Release|x86
	EndGlobalSection
	GlobalSection(SolutionProperties) = preSolution
		HideSolutionNode = FALSE
	EndGlobalSection
	GlobalSection(ExtensibilityGlobals) = postSolution
		SolutionGuid = {9B90F4DE-9336-4ED0-BBF9-B973E64CFE03}
	EndGlobalSection
EndGlobal
